
Microsoft Visual Studio Solution File, Format Version 12.00
# Visual Studio Version 17
VisualStudioVersion = 17.0.32112.339
MinimumVisualStudioVersion = 10.0.40219.1
Project("{9A19103F-16F7-4668-BE54-9A1E7A4F7556}") = "APICatalogo", "APICatalogo\APICatalogo.csproj", "{1E0B961E-8A98-44F8-9081-E5B11D9233A1}"
EndProject
Project("{2150E333-8FDC-42A3-9474-1A3956D46DE8}") = "docker", "docker", "{16C0B4C8-9942-4545-9A72-0D7989428D60}"
	ProjectSection(SolutionItems) = preProject
		docker-compose.yaml = docker-compose.yaml
	EndProjectSection
EndProject
Project("{2150E333-8FDC-42A3-9474-1A3956D46DE8}") = "src", "src", "{59B558F4-377C-4065-B99C-91B82118486F}"
EndProject
Project("{9A19103F-16F7-4668-BE54-9A1E7A4F7556}") = "Sample.OpenTelemetry.WebApi.Core", "Sample.OpenTelemetry.WebApi.Core\Sample.OpenTelemetry.WebApi.Core.csproj", "{A5418F5E-B4EC-4B2F-9D8B-1C0291A7F86D}"
EndProject
Project("{2150E333-8FDC-42A3-9474-1A3956D46DE8}") = "tests", "tests", "{B7A40CB2-7F8D-4DEC-B30B-9361F0C5936E}"
EndProject
Project("{9A19103F-16F7-4668-BE54-9A1E7A4F7556}") = "TestesUnitarios", "ApiCatalogoTestesUnitarios\TestesUnitarios.csproj", "{5BB9CFD5-8E6E-4DCF-9E83-BA6AF6A824A8}"
EndProject
Project("{2150E333-8FDC-42A3-9474-1A3956D46DE8}") = "TestesIntegrados", "TestesIntegrados", "{18DEFF9D-2ABE-46C8-B5C6-DCE5E62AA977}"
EndProject
Project("{9A19103F-16F7-4668-BE54-9A1E7A4F7556}") = "TestesIntegrados", "TestesIntegrados\TestesIntegrados.csproj", "{5283B635-A78C-41AA-B163-FFFF3EB33716}"
EndProject
Project("{2150E333-8FDC-42A3-9474-1A3956D46DE8}") = "TestesUnitarios", "TestesUnitarios", "{7BFED0C6-206B-4740-B4DF-0D8B03FC3CCE}"
EndProject
Project("{FAE04EC0-301F-11D3-BF4B-00C04F79EFBC}") = "BDD", "BDD\BDD.csproj", "{69AFCB7F-ED5D-4880-8939-8EFA994B327D}"
EndProject
Project("{2150E333-8FDC-42A3-9474-1A3956D46DE8}") = "TestesBDD", "TestesBDD", "{44B6DB90-8AA5-4213-B4CC-438015B23B39}"
EndProject
Global
	GlobalSection(SolutionConfigurationPlatforms) = preSolution
		Debug|Any CPU = Debug|Any CPU
		Release|Any CPU = Release|Any CPU
	EndGlobalSection
	GlobalSection(ProjectConfigurationPlatforms) = postSolution
		{1E0B961E-8A98-44F8-9081-E5B11D9233A1}.Debug|Any CPU.ActiveCfg = Debug|Any CPU
		{1E0B961E-8A98-44F8-9081-E5B11D9233A1}.Debug|Any CPU.Build.0 = Debug|Any CPU
		{1E0B961E-8A98-44F8-9081-E5B11D9233A1}.Release|Any CPU.ActiveCfg = Release|Any CPU
		{1E0B961E-8A98-44F8-9081-E5B11D9233A1}.Release|Any CPU.Build.0 = Release|Any CPU
		{A5418F5E-B4EC-4B2F-9D8B-1C0291A7F86D}.Debug|Any CPU.ActiveCfg = Debug|Any CPU
		{A5418F5E-B4EC-4B2F-9D8B-1C0291A7F86D}.Debug|Any CPU.Build.0 = Debug|Any CPU
		{A5418F5E-B4EC-4B2F-9D8B-1C0291A7F86D}.Release|Any CPU.ActiveCfg = Release|Any CPU
		{A5418F5E-B4EC-4B2F-9D8B-1C0291A7F86D}.Release|Any CPU.Build.0 = Release|Any CPU
		{5BB9CFD5-8E6E-4DCF-9E83-BA6AF6A824A8}.Debug|Any CPU.ActiveCfg = Debug|Any CPU
		{5BB9CFD5-8E6E-4DCF-9E83-BA6AF6A824A8}.Debug|Any CPU.Build.0 = Debug|Any CPU
		{5BB9CFD5-8E6E-4DCF-9E83-BA6AF6A824A8}.Release|Any CPU.ActiveCfg = Release|Any CPU
		{5BB9CFD5-8E6E-4DCF-9E83-BA6AF6A824A8}.Release|Any CPU.Build.0 = Release|Any CPU
		{5283B635-A78C-41AA-B163-FFFF3EB33716}.Debug|Any CPU.ActiveCfg = Debug|Any CPU
		{5283B635-A78C-41AA-B163-FFFF3EB33716}.Debug|Any CPU.Build.0 = Debug|Any CPU
		{5283B635-A78C-41AA-B163-FFFF3EB33716}.Release|Any CPU.ActiveCfg = Release|Any CPU
		{5283B635-A78C-41AA-B163-FFFF3EB33716}.Release|Any CPU.Build.0 = Release|Any CPU
		{69AFCB7F-ED5D-4880-8939-8EFA994B327D}.Debug|Any CPU.ActiveCfg = Debug|Any CPU
		{69AFCB7F-ED5D-4880-8939-8EFA994B327D}.Debug|Any CPU.Build.0 = Debug|Any CPU
		{69AFCB7F-ED5D-4880-8939-8EFA994B327D}.Release|Any CPU.ActiveCfg = Release|Any CPU
		{69AFCB7F-ED5D-4880-8939-8EFA994B327D}.Release|Any CPU.Build.0 = Release|Any CPU
	EndGlobalSection
	GlobalSection(SolutionProperties) = preSolution
		HideSolutionNode = FALSE
	EndGlobalSection
	GlobalSection(NestedProjects) = preSolution
		{1E0B961E-8A98-44F8-9081-E5B11D9233A1} = {59B558F4-377C-4065-B99C-91B82118486F}
		{A5418F5E-B4EC-4B2F-9D8B-1C0291A7F86D} = {59B558F4-377C-4065-B99C-91B82118486F}
		{5BB9CFD5-8E6E-4DCF-9E83-BA6AF6A824A8} = {7BFED0C6-206B-4740-B4DF-0D8B03FC3CCE}
		{18DEFF9D-2ABE-46C8-B5C6-DCE5E62AA977} = {B7A40CB2-7F8D-4DEC-B30B-9361F0C5936E}
		{5283B635-A78C-41AA-B163-FFFF3EB33716} = {18DEFF9D-2ABE-46C8-B5C6-DCE5E62AA977}
		{7BFED0C6-206B-4740-B4DF-0D8B03FC3CCE} = {B7A40CB2-7F8D-4DEC-B30B-9361F0C5936E}
		{69AFCB7F-ED5D-4880-8939-8EFA994B327D} = {44B6DB90-8AA5-4213-B4CC-438015B23B39}
		{44B6DB90-8AA5-4213-B4CC-438015B23B39} = {B7A40CB2-7F8D-4DEC-B30B-9361F0C5936E}
	EndGlobalSection
	GlobalSection(ExtensibilityGlobals) = postSolution
		SolutionGuid = {901BDD69-D415-4E32-95B0-4B8D2DD4B06E}
	EndGlobalSection
EndGlobal
